
Microsoft Visual Studio Solution File, Format Version 12.00
# Visual Studio Version 17
VisualStudioVersion = 17.8.34316.72
MinimumVisualStudioVersion = 10.0.40219.1
Project("{9A19103F-16F7-4668-BE54-9A1E7A4F7556}") = "NHMatsumoto.Financial.Presentation", "nhmatsumoto.financial.presentation\NHMatsumoto.Financial.Presentation.csproj", "{1041F4FD-E717-43EC-87A2-70E7C14C5166}"
EndProject
Project("{9A19103F-16F7-4668-BE54-9A1E7A4F7556}") = "NHMatsumoto.Financial.Infrastructure.Database", "nhmatsumoto.financial.infrastructure.database\NHMatsumoto.Financial.Infrastructure.Database.csproj", "{E40E2AF6-DD19-44FE-BEF8-B837FD9FABA1}"
EndProject
Project("{9A19103F-16F7-4668-BE54-9A1E7A4F7556}") = "NHMatsumoto.Financial.Infrastructure.CrossCutting.IoC", "nhmatsumoto.financial.infrastructure.CrossCutting.IoC\NHMatsumoto.Financial.Infrastructure.CrossCutting.IoC.csproj", "{A6DB791E-161E-44B3-AB33-61CB3364D7C0}"
EndProject
Project("{9A19103F-16F7-4668-BE54-9A1E7A4F7556}") = "NHMatsumoto.Financial.Domain", "nhmatsumoto.financial.domain\NHMatsumoto.Financial.Domain.csproj", "{1E148C00-2147-4F55-A4A5-3132C82E3E87}"
EndProject
Project("{9A19103F-16F7-4668-BE54-9A1E7A4F7556}") = "NHMatsumoto.Financial.Services", "nhmatsumoto.financial.services\NHMatsumoto.Financial.Services.csproj", "{D44C418B-8165-4C34-8D6E-C494624E37A4}"
EndProject
Project("{9A19103F-16F7-4668-BE54-9A1E7A4F7556}") = "NHMatsumoto.Financial.Application", "NHMatsumoto.Financial.Application\NHMatsumoto.Financial.Application.csproj", "{79425B97-2D80-4104-B788-9D4142A1B0FA}"
EndProject
Global
	GlobalSection(SolutionConfigurationPlatforms) = preSolution
		Debug|Any CPU = Debug|Any CPU
		Release|Any CPU = Release|Any CPU
	EndGlobalSection
	GlobalSection(ProjectConfigurationPlatforms) = postSolution
		{1041F4FD-E717-43EC-87A2-70E7C14C5166}.Debug|Any CPU.ActiveCfg = Debug|Any CPU
		{1041F4FD-E717-43EC-87A2-70E7C14C5166}.Debug|Any CPU.Build.0 = Debug|Any CPU
		{1041F4FD-E717-43EC-87A2-70E7C14C5166}.Release|Any CPU.ActiveCfg = Release|Any CPU
		{1041F4FD-E717-43EC-87A2-70E7C14C5166}.Release|Any CPU.Build.0 = Release|Any CPU
		{E40E2AF6-DD19-44FE-BEF8-B837FD9FABA1}.Debug|Any CPU.ActiveCfg = Debug|Any CPU
		{E40E2AF6-DD19-44FE-BEF8-B837FD9FABA1}.Debug|Any CPU.Build.0 = Debug|Any CPU
		{E40E2AF6-DD19-44FE-BEF8-B837FD9FABA1}.Release|Any CPU.ActiveCfg = Release|Any CPU
		{E40E2AF6-DD19-44FE-BEF8-B837FD9FABA1}.Release|Any CPU.Build.0 = Release|Any CPU
		{A6DB791E-161E-44B3-AB33-61CB3364D7C0}.Debug|Any CPU.ActiveCfg = Debug|Any CPU
		{A6DB791E-161E-44B3-AB33-61CB3364D7C0}.Debug|Any CPU.Build.0 = Debug|Any CPU
		{A6DB791E-161E-44B3-AB33-61CB3364D7C0}.Release|Any CPU.ActiveCfg = Release|Any CPU
		{A6DB791E-161E-44B3-AB33-61CB3364D7C0}.Release|Any CPU.Build.0 = Release|Any CPU
		{1E148C00-2147-4F55-A4A5-3132C82E3E87}.Debug|Any CPU.ActiveCfg = Debug|Any CPU
		{1E148C00-2147-4F55-A4A5-3132C82E3E87}.Debug|Any CPU.Build.0 = Debug|Any CPU
		{1E148C00-2147-4F55-A4A5-3132C82E3E87}.Release|Any CPU.ActiveCfg = Release|Any CPU
		{1E148C00-2147-4F55-A4A5-3132C82E3E87}.Release|Any CPU.Build.0 = Release|Any CPU
		{D44C418B-8165-4C34-8D6E-C494624E37A4}.Debug|Any CPU.ActiveCfg = Debug|Any CPU
		{D44C418B-8165-4C34-8D6E-C494624E37A4}.Debug|Any CPU.Build.0 = Debug|Any CPU
		{D44C418B-8165-4C34-8D6E-C494624E37A4}.Release|Any CPU.ActiveCfg = Release|Any CPU
		{D44C418B-8165-4C34-8D6E-C494624E37A4}.Release|Any CPU.Build.0 = Release|Any CPU
		{79425B97-2D80-4104-B788-9D4142A1B0FA}.Debug|Any CPU.ActiveCfg = Debug|Any CPU
		{79425B97-2D80-4104-B788-9D4142A1B0FA}.Debug|Any CPU.Build.0 = Debug|Any CPU
		{79425B97-2D80-4104-B788-9D4142A1B0FA}.Release|Any CPU.ActiveCfg = Release|Any CPU
		{79425B97-2D80-4104-B788-9D4142A1B0FA}.Release|Any CPU.Build.0 = Release|Any CPU
	EndGlobalSection
	GlobalSection(SolutionProperties) = preSolution
		HideSolutionNode = FALSE
	EndGlobalSection
	GlobalSection(ExtensibilityGlobals) = postSolution
		SolutionGuid = {15821749-DEF4-47E4-A8F3-BE7EF0B80122}
	EndGlobalSection
EndGlobal
